
Microsoft Visual Studio Solution File, Format Version 12.00
# Visual Studio Version 17
VisualStudioVersion = 17.11.35327.3
MinimumVisualStudioVersion = 10.0.40219.1
Project("{9A19103F-16F7-4668-BE54-9A1E7A4F7556}") = "GestionDeBiblioteca", "GestionDeBiblioteca\GestionDeBiblioteca.csproj", "{DE36A289-D549-4342-B98F-F7E2B05BF89A}"
EndProject
Global
	GlobalSection(SolutionConfigurationPlatforms) = preSolution
		Debug|Any CPU = Debug|Any CPU
		Release|Any CPU = Release|Any CPU
	EndGlobalSection
	GlobalSection(ProjectConfigurationPlatforms) = postSolution
		{DE36A289-D549-4342-B98F-F7E2B05BF89A}.Debug|Any CPU.ActiveCfg = Debug|Any CPU
		{DE36A289-D549-4342-B98F-F7E2B05BF89A}.Debug|Any CPU.Build.0 = Debug|Any CPU
		{DE36A289-D549-4342-B98F-F7E2B05BF89A}.Release|Any CPU.ActiveCfg = Release|Any CPU
		{DE36A289-D549-4342-B98F-F7E2B05BF89A}.Release|Any CPU.Build.0 = Release|Any CPU
	EndGlobalSection
	GlobalSection(SolutionProperties) = preSolution
		HideSolutionNode = FALSE
	EndGlobalSection
	GlobalSection(ExtensibilityGlobals) = postSolution
		SolutionGuid = {682CD47B-E8A7-4191-92E3-76E52BA48631}
	EndGlobalSection
EndGlobal
